// !$*UTF8*$!
{
	archiveVersion = 1;
	classes = {
	};
	objectVersion = 56;
	objects = {

/* Begin PBXBuildFile section */
		B04086922BA972D800EDEB1C /* MainTabType.swift in Sources */ = {isa = PBXBuildFile; fileRef = B04086912BA972D800EDEB1C /* MainTabType.swift */; };
		B04086952BA97A7E00EDEB1C /* Icon.xcassets in Resources */ = {isa = PBXBuildFile; fileRef = B04086942BA97A7E00EDEB1C /* Icon.xcassets */; };
		B05C345C2B99AB4000D075B8 /* AppFeature.swift in Sources */ = {isa = PBXBuildFile; fileRef = B05C345B2B99AB4000D075B8 /* AppFeature.swift */; };
		B05C345E2B99AC6300D075B8 /* AuthenticatedView.swift in Sources */ = {isa = PBXBuildFile; fileRef = B05C345D2B99AC6300D075B8 /* AuthenticatedView.swift */; };
		B05C34602B99ADC900D075B8 /* Launch Screen.storyboard in Resources */ = {isa = PBXBuildFile; fileRef = B05C345F2B99ADC900D075B8 /* Launch Screen.storyboard */; };
		B05C34632B99AFCD00D075B8 /* LoadingView.swift in Sources */ = {isa = PBXBuildFile; fileRef = B05C34622B99AFCD00D075B8 /* LoadingView.swift */; };
		B05C34662B99B07400D075B8 /* IntroView.swift in Sources */ = {isa = PBXBuildFile; fileRef = B05C34652B99B07400D075B8 /* IntroView.swift */; };
		B05C34682B99B09E00D075B8 /* IntroFeature.swift in Sources */ = {isa = PBXBuildFile; fileRef = B05C34672B99B09E00D075B8 /* IntroFeature.swift */; };
		B05C346B2B99B24C00D075B8 /* AuthenticationClient.swift in Sources */ = {isa = PBXBuildFile; fileRef = B05C346A2B99B24C00D075B8 /* AuthenticationClient.swift */; };
		B05C346D2B99B31700D075B8 /* Error.swift in Sources */ = {isa = PBXBuildFile; fileRef = B05C346C2B99B31700D075B8 /* Error.swift */; };
		B07055992BBD250700DF691B /* PlusContentView.swift in Sources */ = {isa = PBXBuildFile; fileRef = B07055982BBD250700DF691B /* PlusContentView.swift */; };
		B070559B2BBD251900DF691B /* PlusContentFeature.swift in Sources */ = {isa = PBXBuildFile; fileRef = B070559A2BBD251900DF691B /* PlusContentFeature.swift */; };
		B0765C882BB2C35500BA6FF5 /* View + Extensions.swift in Sources */ = {isa = PBXBuildFile; fileRef = B0765C872BB2C35500BA6FF5 /* View + Extensions.swift */; };
		B0787F242BA8300400E5A56B /* MainTabView.swift in Sources */ = {isa = PBXBuildFile; fileRef = B0787F232BA8300400E5A56B /* MainTabView.swift */; };
		B0787F262BA8301000E5A56B /* MainTabFeature.swift in Sources */ = {isa = PBXBuildFile; fileRef = B0787F252BA8301000E5A56B /* MainTabFeature.swift */; };
		B0787F2D2BA831A600E5A56B /* ContactView.swift in Sources */ = {isa = PBXBuildFile; fileRef = B0787F2C2BA831A600E5A56B /* ContactView.swift */; };
		B0787F2F2BA831AE00E5A56B /* MessageView.swift in Sources */ = {isa = PBXBuildFile; fileRef = B0787F2E2BA831AE00E5A56B /* MessageView.swift */; };
		B0787F312BA831B300E5A56B /* HomeView.swift in Sources */ = {isa = PBXBuildFile; fileRef = B0787F302BA831B300E5A56B /* HomeView.swift */; };
		B0787F332BA831B900E5A56B /* ProfileView.swift in Sources */ = {isa = PBXBuildFile; fileRef = B0787F322BA831B900E5A56B /* ProfileView.swift */; };
		B0787F352BA831BF00E5A56B /* SettingView.swift in Sources */ = {isa = PBXBuildFile; fileRef = B0787F342BA831BF00E5A56B /* SettingView.swift */; };
		B0787F372BA8334700E5A56B /* ContactFeature.swift in Sources */ = {isa = PBXBuildFile; fileRef = B0787F362BA8334700E5A56B /* ContactFeature.swift */; };
		B0787F392BA833A100E5A56B /* MessageFeature.swift in Sources */ = {isa = PBXBuildFile; fileRef = B0787F382BA833A100E5A56B /* MessageFeature.swift */; };
		B0787F3B2BA833CC00E5A56B /* HomeFeature.swift in Sources */ = {isa = PBXBuildFile; fileRef = B0787F3A2BA833CC00E5A56B /* HomeFeature.swift */; };
		B0787F3D2BA833D700E5A56B /* ProfileFeature.swift in Sources */ = {isa = PBXBuildFile; fileRef = B0787F3C2BA833D700E5A56B /* ProfileFeature.swift */; };
		B0787F3F2BA833E200E5A56B /* SettingFeature.swift in Sources */ = {isa = PBXBuildFile; fileRef = B0787F3E2BA833E200E5A56B /* SettingFeature.swift */; };
		B07D82E02BAAD4A30039E223 /* AccountView.swift in Sources */ = {isa = PBXBuildFile; fileRef = B07D82DF2BAAD4A30039E223 /* AccountView.swift */; };
		B07D82E22BAAD4AC0039E223 /* AccountFeature.swift in Sources */ = {isa = PBXBuildFile; fileRef = B07D82E12BAAD4AC0039E223 /* AccountFeature.swift */; };
		B08B22BF2BAAC315009472A5 /* UserClient.swift in Sources */ = {isa = PBXBuildFile; fileRef = B08B22BE2BAAC315009472A5 /* UserClient.swift */; };
		B08D84FA2B999F5700FDF764 /* ArtlierApp.swift in Sources */ = {isa = PBXBuildFile; fileRef = B08D84F92B999F5700FDF764 /* ArtlierApp.swift */; };
		B08D84FE2B999F5B00FDF764 /* Assets.xcassets in Resources */ = {isa = PBXBuildFile; fileRef = B08D84FD2B999F5B00FDF764 /* Assets.xcassets */; };
		B08D85012B999F5B00FDF764 /* Preview Assets.xcassets in Resources */ = {isa = PBXBuildFile; fileRef = B08D85002B999F5B00FDF764 /* Preview Assets.xcassets */; };
		B08D850B2B999F5B00FDF764 /* ArtlierTests.swift in Sources */ = {isa = PBXBuildFile; fileRef = B08D850A2B999F5B00FDF764 /* ArtlierTests.swift */; };
		B08D85152B999F5B00FDF764 /* ArtlierUITests.swift in Sources */ = {isa = PBXBuildFile; fileRef = B08D85142B999F5B00FDF764 /* ArtlierUITests.swift */; };
		B08D85172B999F5B00FDF764 /* ArtlierUITestsLaunchTests.swift in Sources */ = {isa = PBXBuildFile; fileRef = B08D85162B999F5B00FDF764 /* ArtlierUITestsLaunchTests.swift */; };
		B08D85252B99A00D00FDF764 /* GoogleService-Info.plist in Resources */ = {isa = PBXBuildFile; fileRef = B08D85242B99A00D00FDF764 /* GoogleService-Info.plist */; };
		B08D85282B99A04000FDF764 /* GoogleSignIn in Frameworks */ = {isa = PBXBuildFile; productRef = B08D85272B99A04000FDF764 /* GoogleSignIn */; };
		B08D852B2B99A07800FDF764 /* KakaoSDK in Frameworks */ = {isa = PBXBuildFile; productRef = B08D852A2B99A07800FDF764 /* KakaoSDK */; };
		B08D852E2B99A0B300FDF764 /* ComposableArchitecture in Frameworks */ = {isa = PBXBuildFile; productRef = B08D852D2B99A0B300FDF764 /* ComposableArchitecture */; };
		B08D85312B99A0D000FDF764 /* Kingfisher in Frameworks */ = {isa = PBXBuildFile; productRef = B08D85302B99A0D000FDF764 /* Kingfisher */; };
		B08D85352B99A12100FDF764 /* AppDelegate.swift in Sources */ = {isa = PBXBuildFile; fileRef = B08D85342B99A12100FDF764 /* AppDelegate.swift */; };
		B08D853F2B99A3EE00FDF764 /* FirebaseAuth in Frameworks */ = {isa = PBXBuildFile; productRef = B08D853E2B99A3EE00FDF764 /* FirebaseAuth */; };
		B08D85412B99A3EE00FDF764 /* FirebaseDatabase in Frameworks */ = {isa = PBXBuildFile; productRef = B08D85402B99A3EE00FDF764 /* FirebaseDatabase */; };
		B08D85432B99A3EE00FDF764 /* FirebaseStorage in Frameworks */ = {isa = PBXBuildFile; productRef = B08D85422B99A3EE00FDF764 /* FirebaseStorage */; };
		B08D85462B99A6DF00FDF764 /* Constant.swift in Sources */ = {isa = PBXBuildFile; fileRef = B08D85452B99A6DF00FDF764 /* Constant.swift */; };
		B08D85482B99A6F300FDF764 /* Phase.swift in Sources */ = {isa = PBXBuildFile; fileRef = B08D85472B99A6F200FDF764 /* Phase.swift */; };
		B08D854E2B99A74500FDF764 /* PlaceholderView.swift in Sources */ = {isa = PBXBuildFile; fileRef = B08D854D2B99A74500FDF764 /* PlaceholderView.swift */; };
		B08D85512B99A7FC00FDF764 /* TCAFeatureAction.swift in Sources */ = {isa = PBXBuildFile; fileRef = B08D85502B99A7FC00FDF764 /* TCAFeatureAction.swift */; };
		B0954ADA2BD793B000CD1E35 /* DateFormatter + Extensions.swift in Sources */ = {isa = PBXBuildFile; fileRef = B0954AD92BD793B000CD1E35 /* DateFormatter + Extensions.swift */; };
		B0954ADC2BD7962100CD1E35 /* Album.swift in Sources */ = {isa = PBXBuildFile; fileRef = B0954ADB2BD7962100CD1E35 /* Album.swift */; };
		B0954ADE2BD7AF1D00CD1E35 /* AlbumClient.swift in Sources */ = {isa = PBXBuildFile; fileRef = B0954ADD2BD7AF1D00CD1E35 /* AlbumClient.swift */; };
		B0BBE7572BB562B20074DAFA /* PhotoClient.swift in Sources */ = {isa = PBXBuildFile; fileRef = B0BBE7562BB562B20074DAFA /* PhotoClient.swift */; };
		B0C271452BBE952900EF25E3 /* Date + Extensions.swift in Sources */ = {isa = PBXBuildFile; fileRef = B0C271442BBE952900EF25E3 /* Date + Extensions.swift */; };
		B0DB33E42BB6A0F000160DAE /* AppUser.swift in Sources */ = {isa = PBXBuildFile; fileRef = B0DB33E32BB6A0F000160DAE /* AppUser.swift */; };
		B0F05F0A2B9AFC6C0028C936 /* Color.xcassets in Resources */ = {isa = PBXBuildFile; fileRef = B0F05F092B9AFC6C0028C936 /* Color.xcassets */; };
		B0F05F0D2B9AFCA20028C936 /* AppColor.swift in Sources */ = {isa = PBXBuildFile; fileRef = B0F05F0C2B9AFCA20028C936 /* AppColor.swift */; };
		B0F05F112B9B08BA0028C936 /* RegisterView.swift in Sources */ = {isa = PBXBuildFile; fileRef = B0F05F102B9B08BA0028C936 /* RegisterView.swift */; };
		B0F05F132B9B08C70028C936 /* RegisterFeature.swift in Sources */ = {isa = PBXBuildFile; fileRef = B0F05F122B9B08C70028C936 /* RegisterFeature.swift */; };
		B0F05F152B9B092A0028C936 /* LoginView.swift in Sources */ = {isa = PBXBuildFile; fileRef = B0F05F142B9B092A0028C936 /* LoginView.swift */; };
		B0F05F172B9B09540028C936 /* LoginFeature.swift in Sources */ = {isa = PBXBuildFile; fileRef = B0F05F162B9B09540028C936 /* LoginFeature.swift */; };
		B0F05F1A2B9B2EDD0028C936 /* UnderlineTextField.swift in Sources */ = {isa = PBXBuildFile; fileRef = B0F05F192B9B2EDD0028C936 /* UnderlineTextField.swift */; };
		B0F05F1D2B9B584B0028C936 /* DefaultButtonStyle.swift in Sources */ = {isa = PBXBuildFile; fileRef = B0F05F1C2B9B584B0028C936 /* DefaultButtonStyle.swift */; };
		B0F05F1F2B9B61E60028C936 /* AlertState + Extensions.swift in Sources */ = {isa = PBXBuildFile; fileRef = B0F05F1E2B9B61E60028C936 /* AlertState + Extensions.swift */; };
		B0F05F212B9B64FE0028C936 /* NSString + Extensions.swift in Sources */ = {isa = PBXBuildFile; fileRef = B0F05F202B9B64FE0028C936 /* NSString + Extensions.swift */; };
		B0F05F232B9B697C0028C936 /* Hidden.swift in Sources */ = {isa = PBXBuildFile; fileRef = B0F05F222B9B697C0028C936 /* Hidden.swift */; };
		B0FF00D62BBD6E36006FB0F2 /* CustomNavigationBar.swift in Sources */ = {isa = PBXBuildFile; fileRef = B0FF00D52BBD6E36006FB0F2 /* CustomNavigationBar.swift */; };
/* End PBXBuildFile section */

/* Begin PBXContainerItemProxy section */
		B08D85072B999F5B00FDF764 /* PBXContainerItemProxy */ = {
			isa = PBXContainerItemProxy;
			containerPortal = B08D84EE2B999F5700FDF764 /* Project object */;
			proxyType = 1;
			remoteGlobalIDString = B08D84F52B999F5700FDF764;
			remoteInfo = Artlier;
		};
		B08D85112B999F5B00FDF764 /* PBXContainerItemProxy */ = {
			isa = PBXContainerItemProxy;
			containerPortal = B08D84EE2B999F5700FDF764 /* Project object */;
			proxyType = 1;
			remoteGlobalIDString = B08D84F52B999F5700FDF764;
			remoteInfo = Artlier;
		};
/* End PBXContainerItemProxy section */

/* Begin PBXFileReference section */
		B04086912BA972D800EDEB1C /* MainTabType.swift */ = {isa = PBXFileReference; lastKnownFileType = sourcecode.swift; path = MainTabType.swift; sourceTree = "<group>"; };
		B04086942BA97A7E00EDEB1C /* Icon.xcassets */ = {isa = PBXFileReference; lastKnownFileType = folder.assetcatalog; path = Icon.xcassets; sourceTree = "<group>"; };
		B05C345B2B99AB4000D075B8 /* AppFeature.swift */ = {isa = PBXFileReference; lastKnownFileType = sourcecode.swift; path = AppFeature.swift; sourceTree = "<group>"; };
		B05C345D2B99AC6300D075B8 /* AuthenticatedView.swift */ = {isa = PBXFileReference; lastKnownFileType = sourcecode.swift; path = AuthenticatedView.swift; sourceTree = "<group>"; };
		B05C345F2B99ADC900D075B8 /* Launch Screen.storyboard */ = {isa = PBXFileReference; lastKnownFileType = file.storyboard; path = "Launch Screen.storyboard"; sourceTree = "<group>"; };
		B05C34622B99AFCD00D075B8 /* LoadingView.swift */ = {isa = PBXFileReference; lastKnownFileType = sourcecode.swift; path = LoadingView.swift; sourceTree = "<group>"; };
		B05C34652B99B07400D075B8 /* IntroView.swift */ = {isa = PBXFileReference; lastKnownFileType = sourcecode.swift; path = IntroView.swift; sourceTree = "<group>"; };
		B05C34672B99B09E00D075B8 /* IntroFeature.swift */ = {isa = PBXFileReference; lastKnownFileType = sourcecode.swift; path = IntroFeature.swift; sourceTree = "<group>"; };
		B05C346A2B99B24C00D075B8 /* AuthenticationClient.swift */ = {isa = PBXFileReference; lastKnownFileType = sourcecode.swift; path = AuthenticationClient.swift; sourceTree = "<group>"; };
		B05C346C2B99B31700D075B8 /* Error.swift */ = {isa = PBXFileReference; lastKnownFileType = sourcecode.swift; path = Error.swift; sourceTree = "<group>"; };
		B07055982BBD250700DF691B /* PlusContentView.swift */ = {isa = PBXFileReference; lastKnownFileType = sourcecode.swift; path = PlusContentView.swift; sourceTree = "<group>"; };
		B070559A2BBD251900DF691B /* PlusContentFeature.swift */ = {isa = PBXFileReference; lastKnownFileType = sourcecode.swift; path = PlusContentFeature.swift; sourceTree = "<group>"; };
		B0765C872BB2C35500BA6FF5 /* View + Extensions.swift */ = {isa = PBXFileReference; lastKnownFileType = sourcecode.swift; path = "View + Extensions.swift"; sourceTree = "<group>"; };
		B0787F232BA8300400E5A56B /* MainTabView.swift */ = {isa = PBXFileReference; lastKnownFileType = sourcecode.swift; path = MainTabView.swift; sourceTree = "<group>"; };
		B0787F252BA8301000E5A56B /* MainTabFeature.swift */ = {isa = PBXFileReference; lastKnownFileType = sourcecode.swift; path = MainTabFeature.swift; sourceTree = "<group>"; };
		B0787F2C2BA831A600E5A56B /* ContactView.swift */ = {isa = PBXFileReference; lastKnownFileType = sourcecode.swift; path = ContactView.swift; sourceTree = "<group>"; };
		B0787F2E2BA831AE00E5A56B /* MessageView.swift */ = {isa = PBXFileReference; lastKnownFileType = sourcecode.swift; path = MessageView.swift; sourceTree = "<group>"; };
		B0787F302BA831B300E5A56B /* HomeView.swift */ = {isa = PBXFileReference; lastKnownFileType = sourcecode.swift; path = HomeView.swift; sourceTree = "<group>"; };
		B0787F322BA831B900E5A56B /* ProfileView.swift */ = {isa = PBXFileReference; lastKnownFileType = sourcecode.swift; path = ProfileView.swift; sourceTree = "<group>"; };
		B0787F342BA831BF00E5A56B /* SettingView.swift */ = {isa = PBXFileReference; lastKnownFileType = sourcecode.swift; path = SettingView.swift; sourceTree = "<group>"; };
		B0787F362BA8334700E5A56B /* ContactFeature.swift */ = {isa = PBXFileReference; lastKnownFileType = sourcecode.swift; path = ContactFeature.swift; sourceTree = "<group>"; };
		B0787F382BA833A100E5A56B /* MessageFeature.swift */ = {isa = PBXFileReference; lastKnownFileType = sourcecode.swift; path = MessageFeature.swift; sourceTree = "<group>"; };
		B0787F3A2BA833CC00E5A56B /* HomeFeature.swift */ = {isa = PBXFileReference; lastKnownFileType = sourcecode.swift; path = HomeFeature.swift; sourceTree = "<group>"; };
		B0787F3C2BA833D700E5A56B /* ProfileFeature.swift */ = {isa = PBXFileReference; lastKnownFileType = sourcecode.swift; path = ProfileFeature.swift; sourceTree = "<group>"; };
		B0787F3E2BA833E200E5A56B /* SettingFeature.swift */ = {isa = PBXFileReference; lastKnownFileType = sourcecode.swift; path = SettingFeature.swift; sourceTree = "<group>"; };
		B07D82DF2BAAD4A30039E223 /* AccountView.swift */ = {isa = PBXFileReference; lastKnownFileType = sourcecode.swift; path = AccountView.swift; sourceTree = "<group>"; };
		B07D82E12BAAD4AC0039E223 /* AccountFeature.swift */ = {isa = PBXFileReference; lastKnownFileType = sourcecode.swift; path = AccountFeature.swift; sourceTree = "<group>"; };
		B08B22BE2BAAC315009472A5 /* UserClient.swift */ = {isa = PBXFileReference; lastKnownFileType = sourcecode.swift; path = UserClient.swift; sourceTree = "<group>"; };
		B08D84F62B999F5700FDF764 /* Artlier.app */ = {isa = PBXFileReference; explicitFileType = wrapper.application; includeInIndex = 0; path = Artlier.app; sourceTree = BUILT_PRODUCTS_DIR; };
		B08D84F92B999F5700FDF764 /* ArtlierApp.swift */ = {isa = PBXFileReference; lastKnownFileType = sourcecode.swift; path = ArtlierApp.swift; sourceTree = "<group>"; };
		B08D84FD2B999F5B00FDF764 /* Assets.xcassets */ = {isa = PBXFileReference; lastKnownFileType = folder.assetcatalog; path = Assets.xcassets; sourceTree = "<group>"; };
		B08D85002B999F5B00FDF764 /* Preview Assets.xcassets */ = {isa = PBXFileReference; lastKnownFileType = folder.assetcatalog; path = "Preview Assets.xcassets"; sourceTree = "<group>"; };
		B08D85062B999F5B00FDF764 /* ArtlierTests.xctest */ = {isa = PBXFileReference; explicitFileType = wrapper.cfbundle; includeInIndex = 0; path = ArtlierTests.xctest; sourceTree = BUILT_PRODUCTS_DIR; };
		B08D850A2B999F5B00FDF764 /* ArtlierTests.swift */ = {isa = PBXFileReference; lastKnownFileType = sourcecode.swift; path = ArtlierTests.swift; sourceTree = "<group>"; };
		B08D85102B999F5B00FDF764 /* ArtlierUITests.xctest */ = {isa = PBXFileReference; explicitFileType = wrapper.cfbundle; includeInIndex = 0; path = ArtlierUITests.xctest; sourceTree = BUILT_PRODUCTS_DIR; };
		B08D85142B999F5B00FDF764 /* ArtlierUITests.swift */ = {isa = PBXFileReference; lastKnownFileType = sourcecode.swift; path = ArtlierUITests.swift; sourceTree = "<group>"; };
		B08D85162B999F5B00FDF764 /* ArtlierUITestsLaunchTests.swift */ = {isa = PBXFileReference; lastKnownFileType = sourcecode.swift; path = ArtlierUITestsLaunchTests.swift; sourceTree = "<group>"; };
		B08D85242B99A00D00FDF764 /* GoogleService-Info.plist */ = {isa = PBXFileReference; fileEncoding = 4; lastKnownFileType = text.plist.xml; path = "GoogleService-Info.plist"; sourceTree = "<group>"; };
		B08D85342B99A12100FDF764 /* AppDelegate.swift */ = {isa = PBXFileReference; lastKnownFileType = sourcecode.swift; path = AppDelegate.swift; sourceTree = "<group>"; };
		B08D85452B99A6DF00FDF764 /* Constant.swift */ = {isa = PBXFileReference; lastKnownFileType = sourcecode.swift; path = Constant.swift; sourceTree = "<group>"; };
		B08D85472B99A6F200FDF764 /* Phase.swift */ = {isa = PBXFileReference; lastKnownFileType = sourcecode.swift; path = Phase.swift; sourceTree = "<group>"; };
		B08D854D2B99A74500FDF764 /* PlaceholderView.swift */ = {isa = PBXFileReference; lastKnownFileType = sourcecode.swift; path = PlaceholderView.swift; sourceTree = "<group>"; };
		B08D85502B99A7FC00FDF764 /* TCAFeatureAction.swift */ = {isa = PBXFileReference; lastKnownFileType = sourcecode.swift; path = TCAFeatureAction.swift; sourceTree = "<group>"; };
		B0954AD92BD793B000CD1E35 /* DateFormatter + Extensions.swift */ = {isa = PBXFileReference; lastKnownFileType = sourcecode.swift; path = "DateFormatter + Extensions.swift"; sourceTree = "<group>"; };
		B0954ADB2BD7962100CD1E35 /* Album.swift */ = {isa = PBXFileReference; lastKnownFileType = sourcecode.swift; path = Album.swift; sourceTree = "<group>"; };
		B0954ADD2BD7AF1D00CD1E35 /* AlbumClient.swift */ = {isa = PBXFileReference; lastKnownFileType = sourcecode.swift; path = AlbumClient.swift; sourceTree = "<group>"; };
		B0BBE7562BB562B20074DAFA /* PhotoClient.swift */ = {isa = PBXFileReference; lastKnownFileType = sourcecode.swift; path = PhotoClient.swift; sourceTree = "<group>"; };
		B0C271442BBE952900EF25E3 /* Date + Extensions.swift */ = {isa = PBXFileReference; lastKnownFileType = sourcecode.swift; path = "Date + Extensions.swift"; sourceTree = "<group>"; };
		B0DB33E32BB6A0F000160DAE /* AppUser.swift */ = {isa = PBXFileReference; lastKnownFileType = sourcecode.swift; path = AppUser.swift; sourceTree = "<group>"; };
		B0F05F092B9AFC6C0028C936 /* Color.xcassets */ = {isa = PBXFileReference; lastKnownFileType = folder.assetcatalog; path = Color.xcassets; sourceTree = "<group>"; };
		B0F05F0C2B9AFCA20028C936 /* AppColor.swift */ = {isa = PBXFileReference; lastKnownFileType = sourcecode.swift; path = AppColor.swift; sourceTree = "<group>"; };
		B0F05F102B9B08BA0028C936 /* RegisterView.swift */ = {isa = PBXFileReference; lastKnownFileType = sourcecode.swift; path = RegisterView.swift; sourceTree = "<group>"; };
		B0F05F122B9B08C70028C936 /* RegisterFeature.swift */ = {isa = PBXFileReference; lastKnownFileType = sourcecode.swift; path = RegisterFeature.swift; sourceTree = "<group>"; };
		B0F05F142B9B092A0028C936 /* LoginView.swift */ = {isa = PBXFileReference; lastKnownFileType = sourcecode.swift; path = LoginView.swift; sourceTree = "<group>"; };
		B0F05F162B9B09540028C936 /* LoginFeature.swift */ = {isa = PBXFileReference; lastKnownFileType = sourcecode.swift; path = LoginFeature.swift; sourceTree = "<group>"; };
		B0F05F192B9B2EDD0028C936 /* UnderlineTextField.swift */ = {isa = PBXFileReference; lastKnownFileType = sourcecode.swift; path = UnderlineTextField.swift; sourceTree = "<group>"; };
		B0F05F1C2B9B584B0028C936 /* DefaultButtonStyle.swift */ = {isa = PBXFileReference; lastKnownFileType = sourcecode.swift; path = DefaultButtonStyle.swift; sourceTree = "<group>"; };
		B0F05F1E2B9B61E60028C936 /* AlertState + Extensions.swift */ = {isa = PBXFileReference; lastKnownFileType = sourcecode.swift; path = "AlertState + Extensions.swift"; sourceTree = "<group>"; };
		B0F05F202B9B64FE0028C936 /* NSString + Extensions.swift */ = {isa = PBXFileReference; lastKnownFileType = sourcecode.swift; path = "NSString + Extensions.swift"; sourceTree = "<group>"; };
		B0F05F222B9B697C0028C936 /* Hidden.swift */ = {isa = PBXFileReference; lastKnownFileType = sourcecode.swift; path = Hidden.swift; sourceTree = "<group>"; };
		B0FF00D52BBD6E36006FB0F2 /* CustomNavigationBar.swift */ = {isa = PBXFileReference; lastKnownFileType = sourcecode.swift; path = CustomNavigationBar.swift; sourceTree = "<group>"; };
/* End PBXFileReference section */

/* Begin PBXFrameworksBuildPhase section */
		B08D84F32B999F5700FDF764 /* Frameworks */ = {
			isa = PBXFrameworksBuildPhase;
			buildActionMask = 2147483647;
			files = (
				B08D85412B99A3EE00FDF764 /* FirebaseDatabase in Frameworks */,
				B08D85312B99A0D000FDF764 /* Kingfisher in Frameworks */,
				B08D853F2B99A3EE00FDF764 /* FirebaseAuth in Frameworks */,
				B08D85282B99A04000FDF764 /* GoogleSignIn in Frameworks */,
				B08D85432B99A3EE00FDF764 /* FirebaseStorage in Frameworks */,
				B08D852B2B99A07800FDF764 /* KakaoSDK in Frameworks */,
				B08D852E2B99A0B300FDF764 /* ComposableArchitecture in Frameworks */,
			);
			runOnlyForDeploymentPostprocessing = 0;
		};
		B08D85032B999F5B00FDF764 /* Frameworks */ = {
			isa = PBXFrameworksBuildPhase;
			buildActionMask = 2147483647;
			files = (
			);
			runOnlyForDeploymentPostprocessing = 0;
		};
		B08D850D2B999F5B00FDF764 /* Frameworks */ = {
			isa = PBXFrameworksBuildPhase;
			buildActionMask = 2147483647;
			files = (
			);
			runOnlyForDeploymentPostprocessing = 0;
		};
/* End PBXFrameworksBuildPhase section */

/* Begin PBXGroup section */
		B04086932BA97A6F00EDEB1C /* Icon */ = {
			isa = PBXGroup;
			children = (
				B04086942BA97A7E00EDEB1C /* Icon.xcassets */,
			);
			path = Icon;
			sourceTree = "<group>";
		};
		B05C345A2B99AB2800D075B8 /* Root */ = {
			isa = PBXGroup;
			children = (
				B05C345D2B99AC6300D075B8 /* AuthenticatedView.swift */,
				B05C345B2B99AB4000D075B8 /* AppFeature.swift */,
			);
			path = Root;
			sourceTree = "<group>";
		};
		B05C34612B99AF9500D075B8 /* Loading */ = {
			isa = PBXGroup;
			children = (
				B05C34622B99AFCD00D075B8 /* LoadingView.swift */,
			);
			path = Loading;
			sourceTree = "<group>";
		};
		B05C34642B99B03100D075B8 /* Intro */ = {
			isa = PBXGroup;
			children = (
				B05C34652B99B07400D075B8 /* IntroView.swift */,
				B05C34672B99B09E00D075B8 /* IntroFeature.swift */,
			);
			path = Intro;
			sourceTree = "<group>";
		};
		B05C34692B99B22300D075B8 /* Dependencies */ = {
			isa = PBXGroup;
			children = (
				B05C346A2B99B24C00D075B8 /* AuthenticationClient.swift */,
				B08B22BE2BAAC315009472A5 /* UserClient.swift */,
				B0BBE7562BB562B20074DAFA /* PhotoClient.swift */,
				B0954ADD2BD7AF1D00CD1E35 /* AlbumClient.swift */,
			);
			path = Dependencies;
			sourceTree = "<group>";
		};
		B07055972BBD24ED00DF691B /* Content */ = {
			isa = PBXGroup;
			children = (
				B07055982BBD250700DF691B /* PlusContentView.swift */,
				B070559A2BBD251900DF691B /* PlusContentFeature.swift */,
			);
			path = Content;
			sourceTree = "<group>";
		};
		B0787F222BA82FE500E5A56B /* MainTab */ = {
			isa = PBXGroup;
			children = (
				B04086912BA972D800EDEB1C /* MainTabType.swift */,
				B0787F232BA8300400E5A56B /* MainTabView.swift */,
				B0787F252BA8301000E5A56B /* MainTabFeature.swift */,
			);
			path = MainTab;
			sourceTree = "<group>";
		};
		B0787F272BA8314B00E5A56B /* Contact */ = {
			isa = PBXGroup;
			children = (
				B0787F2C2BA831A600E5A56B /* ContactView.swift */,
				B0787F362BA8334700E5A56B /* ContactFeature.swift */,
			);
			path = Contact;
			sourceTree = "<group>";
		};
		B0787F282BA8316C00E5A56B /* Message */ = {
			isa = PBXGroup;
			children = (
				B0787F2E2BA831AE00E5A56B /* MessageView.swift */,
				B0787F382BA833A100E5A56B /* MessageFeature.swift */,
			);
			path = Message;
			sourceTree = "<group>";
		};
		B0787F292BA8318400E5A56B /* Home */ = {
			isa = PBXGroup;
			children = (
				B0787F302BA831B300E5A56B /* HomeView.swift */,
				B0787F3A2BA833CC00E5A56B /* HomeFeature.swift */,
			);
			path = Home;
			sourceTree = "<group>";
		};
		B0787F2A2BA8318B00E5A56B /* Profile */ = {
			isa = PBXGroup;
			children = (
				B0787F322BA831B900E5A56B /* ProfileView.swift */,
				B0787F3C2BA833D700E5A56B /* ProfileFeature.swift */,
				B07055972BBD24ED00DF691B /* Content */,
			);
			path = Profile;
			sourceTree = "<group>";
		};
		B0787F2B2BA8319C00E5A56B /* Setting */ = {
			isa = PBXGroup;
			children = (
				B0787F342BA831BF00E5A56B /* SettingView.swift */,
				B0787F3E2BA833E200E5A56B /* SettingFeature.swift */,
			);
			path = Setting;
			sourceTree = "<group>";
		};
		B07D82DE2BAAD48F0039E223 /* Account */ = {
			isa = PBXGroup;
			children = (
				B07D82DF2BAAD4A30039E223 /* AccountView.swift */,
				B07D82E12BAAD4AC0039E223 /* AccountFeature.swift */,
			);
			path = Account;
			sourceTree = "<group>";
		};
		B08D84ED2B999F5700FDF764 = {
			isa = PBXGroup;
			children = (
				B08D84F82B999F5700FDF764 /* Artlier */,
				B08D85092B999F5B00FDF764 /* ArtlierTests */,
				B08D85132B999F5B00FDF764 /* ArtlierUITests */,
				B08D84F72B999F5700FDF764 /* Products */,
			);
			sourceTree = "<group>";
		};
		B08D84F72B999F5700FDF764 /* Products */ = {
			isa = PBXGroup;
			children = (
				B08D84F62B999F5700FDF764 /* Artlier.app */,
				B08D85062B999F5B00FDF764 /* ArtlierTests.xctest */,
				B08D85102B999F5B00FDF764 /* ArtlierUITests.xctest */,
			);
			name = Products;
			sourceTree = "<group>";
		};
		B08D84F82B999F5700FDF764 /* Artlier */ = {
			isa = PBXGroup;
			children = (
				B08D85332B99A11200FDF764 /* App */,
				B08D85232B999FFD00FDF764 /* Resources */,
				B08D854F2B99A7E000FDF764 /* Extensions */,
				B08D85442B99A6C400FDF764 /* General */,
				B08D85492B99A71D00FDF764 /* Components */,
				B05C34692B99B22300D075B8 /* Dependencies */,
				B0DB33E22BB6A0C500160DAE /* Model */,
				B08D85322B99A0E000FDF764 /* Features */,
				B08D84FF2B999F5B00FDF764 /* Preview Content */,
			);
			path = Artlier;
			sourceTree = "<group>";
		};
		B08D84FF2B999F5B00FDF764 /* Preview Content */ = {
			isa = PBXGroup;
			children = (
				B08D85002B999F5B00FDF764 /* Preview Assets.xcassets */,
			);
			path = "Preview Content";
			sourceTree = "<group>";
		};
		B08D85092B999F5B00FDF764 /* ArtlierTests */ = {
			isa = PBXGroup;
			children = (
				B08D850A2B999F5B00FDF764 /* ArtlierTests.swift */,
			);
			path = ArtlierTests;
			sourceTree = "<group>";
		};
		B08D85132B999F5B00FDF764 /* ArtlierUITests */ = {
			isa = PBXGroup;
			children = (
				B08D85142B999F5B00FDF764 /* ArtlierUITests.swift */,
				B08D85162B999F5B00FDF764 /* ArtlierUITestsLaunchTests.swift */,
			);
			path = ArtlierUITests;
			sourceTree = "<group>";
		};
		B08D85232B999FFD00FDF764 /* Resources */ = {
			isa = PBXGroup;
			children = (
				B0F05F0B2B9AFC920028C936 /* Colors */,
				B04086932BA97A6F00EDEB1C /* Icon */,
				B08D84FD2B999F5B00FDF764 /* Assets.xcassets */,
				B08D85242B99A00D00FDF764 /* GoogleService-Info.plist */,
				B05C345F2B99ADC900D075B8 /* Launch Screen.storyboard */,
			);
			path = Resources;
			sourceTree = "<group>";
		};
		B08D85322B99A0E000FDF764 /* Features */ = {
			isa = PBXGroup;
			children = (
				B05C345A2B99AB2800D075B8 /* Root */,
				B05C34642B99B03100D075B8 /* Intro */,
				B0F05F0E2B9B08950028C936 /* Login */,
				B0F05F0F2B9B08A70028C936 /* Register */,
				B07D82DE2BAAD48F0039E223 /* Account */,
				B0787F222BA82FE500E5A56B /* MainTab */,
				B0787F272BA8314B00E5A56B /* Contact */,
				B0787F282BA8316C00E5A56B /* Message */,
				B0787F292BA8318400E5A56B /* Home */,
				B0787F2A2BA8318B00E5A56B /* Profile */,
				B0787F2B2BA8319C00E5A56B /* Setting */,
			);
			path = Features;
			sourceTree = "<group>";
		};
		B08D85332B99A11200FDF764 /* App */ = {
			isa = PBXGroup;
			children = (
				B08D84F92B999F5700FDF764 /* ArtlierApp.swift */,
				B08D85342B99A12100FDF764 /* AppDelegate.swift */,
			);
			path = App;
			sourceTree = "<group>";
		};
		B08D85442B99A6C400FDF764 /* General */ = {
			isa = PBXGroup;
			children = (
				B08D85452B99A6DF00FDF764 /* Constant.swift */,
				B08D85472B99A6F200FDF764 /* Phase.swift */,
				B05C346C2B99B31700D075B8 /* Error.swift */,
			);
			path = General;
			sourceTree = "<group>";
		};
		B08D85492B99A71D00FDF764 /* Components */ = {
			isa = PBXGroup;
			children = (
				B0F05F1B2B9B583A0028C936 /* Buttons */,
				B0F05F182B9B2EC40028C936 /* ViewModifiers */,
				B05C34612B99AF9500D075B8 /* Loading */,
				B08D854A2B99A72C00FDF764 /* Placeholder */,
				B0FF00D42BBD51D6006FB0F2 /* NavigationBar */,
			);
			path = Components;
			sourceTree = "<group>";
		};
		B08D854A2B99A72C00FDF764 /* Placeholder */ = {
			isa = PBXGroup;
			children = (
				B08D854D2B99A74500FDF764 /* PlaceholderView.swift */,
			);
			path = Placeholder;
			sourceTree = "<group>";
		};
		B08D854F2B99A7E000FDF764 /* Extensions */ = {
			isa = PBXGroup;
			children = (
				B08D85502B99A7FC00FDF764 /* TCAFeatureAction.swift */,
				B0F05F1E2B9B61E60028C936 /* AlertState + Extensions.swift */,
				B0F05F202B9B64FE0028C936 /* NSString + Extensions.swift */,
				B0765C872BB2C35500BA6FF5 /* View + Extensions.swift */,
				B0C271442BBE952900EF25E3 /* Date + Extensions.swift */,
				B0954AD92BD793B000CD1E35 /* DateFormatter + Extensions.swift */,
			);
			path = Extensions;
			sourceTree = "<group>";
		};
		B0DB33E22BB6A0C500160DAE /* Model */ = {
			isa = PBXGroup;
			children = (
				B0DB33E32BB6A0F000160DAE /* AppUser.swift */,
				B0954ADB2BD7962100CD1E35 /* Album.swift */,
			);
			path = Model;
			sourceTree = "<group>";
		};
		B0F05F0B2B9AFC920028C936 /* Colors */ = {
			isa = PBXGroup;
			children = (
				B0F05F092B9AFC6C0028C936 /* Color.xcassets */,
				B0F05F0C2B9AFCA20028C936 /* AppColor.swift */,
			);
			path = Colors;
			sourceTree = "<group>";
		};
		B0F05F0E2B9B08950028C936 /* Login */ = {
			isa = PBXGroup;
			children = (
				B0F05F142B9B092A0028C936 /* LoginView.swift */,
				B0F05F162B9B09540028C936 /* LoginFeature.swift */,
			);
			path = Login;
			sourceTree = "<group>";
		};
		B0F05F0F2B9B08A70028C936 /* Register */ = {
			isa = PBXGroup;
			children = (
				B0F05F102B9B08BA0028C936 /* RegisterView.swift */,
				B0F05F122B9B08C70028C936 /* RegisterFeature.swift */,
			);
			path = Register;
			sourceTree = "<group>";
		};
		B0F05F182B9B2EC40028C936 /* ViewModifiers */ = {
			isa = PBXGroup;
			children = (
				B0F05F192B9B2EDD0028C936 /* UnderlineTextField.swift */,
				B0F05F222B9B697C0028C936 /* Hidden.swift */,
			);
			path = ViewModifiers;
			sourceTree = "<group>";
		};
		B0F05F1B2B9B583A0028C936 /* Buttons */ = {
			isa = PBXGroup;
			children = (
				B0F05F1C2B9B584B0028C936 /* DefaultButtonStyle.swift */,
			);
			path = Buttons;
			sourceTree = "<group>";
		};
		B0FF00D42BBD51D6006FB0F2 /* NavigationBar */ = {
			isa = PBXGroup;
			children = (
				B0FF00D52BBD6E36006FB0F2 /* CustomNavigationBar.swift */,
			);
			path = NavigationBar;
			sourceTree = "<group>";
		};
/* End PBXGroup section */

/* Begin PBXNativeTarget section */
		B08D84F52B999F5700FDF764 /* Artlier */ = {
			isa = PBXNativeTarget;
			buildConfigurationList = B08D851A2B999F5B00FDF764 /* Build configuration list for PBXNativeTarget "Artlier" */;
			buildPhases = (
				B08D84F22B999F5700FDF764 /* Sources */,
				B08D84F32B999F5700FDF764 /* Frameworks */,
				B08D84F42B999F5700FDF764 /* Resources */,
			);
			buildRules = (
			);
			dependencies = (
			);
			name = Artlier;
			packageProductDependencies = (
				B08D85272B99A04000FDF764 /* GoogleSignIn */,
				B08D852A2B99A07800FDF764 /* KakaoSDK */,
				B08D852D2B99A0B300FDF764 /* ComposableArchitecture */,
				B08D85302B99A0D000FDF764 /* Kingfisher */,
				B08D853E2B99A3EE00FDF764 /* FirebaseAuth */,
				B08D85402B99A3EE00FDF764 /* FirebaseDatabase */,
				B08D85422B99A3EE00FDF764 /* FirebaseStorage */,
			);
			productName = Artlier;
			productReference = B08D84F62B999F5700FDF764 /* Artlier.app */;
			productType = "com.apple.product-type.application";
		};
		B08D85052B999F5B00FDF764 /* ArtlierTests */ = {
			isa = PBXNativeTarget;
			buildConfigurationList = B08D851D2B999F5B00FDF764 /* Build configuration list for PBXNativeTarget "ArtlierTests" */;
			buildPhases = (
				B08D85022B999F5B00FDF764 /* Sources */,
				B08D85032B999F5B00FDF764 /* Frameworks */,
				B08D85042B999F5B00FDF764 /* Resources */,
			);
			buildRules = (
			);
			dependencies = (
				B08D85082B999F5B00FDF764 /* PBXTargetDependency */,
			);
			name = ArtlierTests;
			productName = ArtlierTests;
			productReference = B08D85062B999F5B00FDF764 /* ArtlierTests.xctest */;
			productType = "com.apple.product-type.bundle.unit-test";
		};
		B08D850F2B999F5B00FDF764 /* ArtlierUITests */ = {
			isa = PBXNativeTarget;
			buildConfigurationList = B08D85202B999F5B00FDF764 /* Build configuration list for PBXNativeTarget "ArtlierUITests" */;
			buildPhases = (
				B08D850C2B999F5B00FDF764 /* Sources */,
				B08D850D2B999F5B00FDF764 /* Frameworks */,
				B08D850E2B999F5B00FDF764 /* Resources */,
			);
			buildRules = (
			);
			dependencies = (
				B08D85122B999F5B00FDF764 /* PBXTargetDependency */,
			);
			name = ArtlierUITests;
			productName = ArtlierUITests;
			productReference = B08D85102B999F5B00FDF764 /* ArtlierUITests.xctest */;
			productType = "com.apple.product-type.bundle.ui-testing";
		};
/* End PBXNativeTarget section */

/* Begin PBXProject section */
		B08D84EE2B999F5700FDF764 /* Project object */ = {
			isa = PBXProject;
			attributes = {
				BuildIndependentTargetsInParallel = 1;
				LastSwiftUpdateCheck = 1520;
				LastUpgradeCheck = 1520;
				TargetAttributes = {
					B08D84F52B999F5700FDF764 = {
						CreatedOnToolsVersion = 15.2;
					};
					B08D85052B999F5B00FDF764 = {
						CreatedOnToolsVersion = 15.2;
						TestTargetID = B08D84F52B999F5700FDF764;
					};
					B08D850F2B999F5B00FDF764 = {
						CreatedOnToolsVersion = 15.2;
						TestTargetID = B08D84F52B999F5700FDF764;
					};
				};
			};
			buildConfigurationList = B08D84F12B999F5700FDF764 /* Build configuration list for PBXProject "Artlier" */;
			compatibilityVersion = "Xcode 14.0";
			developmentRegion = en;
			hasScannedForEncodings = 0;
			knownRegions = (
				en,
				Base,
			);
			mainGroup = B08D84ED2B999F5700FDF764;
			packageReferences = (
				B08D85262B99A04000FDF764 /* XCRemoteSwiftPackageReference "GoogleSignIn-iOS" */,
				B08D85292B99A07800FDF764 /* XCRemoteSwiftPackageReference "kakao-ios-sdk" */,
				B08D852C2B99A0B300FDF764 /* XCRemoteSwiftPackageReference "swift-composable-architecture" */,
				B08D852F2B99A0D000FDF764 /* XCRemoteSwiftPackageReference "Kingfisher" */,
				B08D853D2B99A3EE00FDF764 /* XCRemoteSwiftPackageReference "firebase-ios-sdk" */,
			);
			productRefGroup = B08D84F72B999F5700FDF764 /* Products */;
			projectDirPath = "";
			projectRoot = "";
			targets = (
				B08D84F52B999F5700FDF764 /* Artlier */,
				B08D85052B999F5B00FDF764 /* ArtlierTests */,
				B08D850F2B999F5B00FDF764 /* ArtlierUITests */,
			);
		};
/* End PBXProject section */

/* Begin PBXResourcesBuildPhase section */
		B08D84F42B999F5700FDF764 /* Resources */ = {
			isa = PBXResourcesBuildPhase;
			buildActionMask = 2147483647;
			files = (
				B04086952BA97A7E00EDEB1C /* Icon.xcassets in Resources */,
				B08D85012B999F5B00FDF764 /* Preview Assets.xcassets in Resources */,
				B08D84FE2B999F5B00FDF764 /* Assets.xcassets in Resources */,
				B0F05F0A2B9AFC6C0028C936 /* Color.xcassets in Resources */,
				B05C34602B99ADC900D075B8 /* Launch Screen.storyboard in Resources */,
				B08D85252B99A00D00FDF764 /* GoogleService-Info.plist in Resources */,
			);
			runOnlyForDeploymentPostprocessing = 0;
		};
		B08D85042B999F5B00FDF764 /* Resources */ = {
			isa = PBXResourcesBuildPhase;
			buildActionMask = 2147483647;
			files = (
			);
			runOnlyForDeploymentPostprocessing = 0;
		};
		B08D850E2B999F5B00FDF764 /* Resources */ = {
			isa = PBXResourcesBuildPhase;
			buildActionMask = 2147483647;
			files = (
			);
			runOnlyForDeploymentPostprocessing = 0;
		};
/* End PBXResourcesBuildPhase section */

/* Begin PBXSourcesBuildPhase section */
		B08D84F22B999F5700FDF764 /* Sources */ = {
			isa = PBXSourcesBuildPhase;
			buildActionMask = 2147483647;
			files = (
				B0787F392BA833A100E5A56B /* MessageFeature.swift in Sources */,
				B05C345C2B99AB4000D075B8 /* AppFeature.swift in Sources */,
				B0787F312BA831B300E5A56B /* HomeView.swift in Sources */,
				B0F05F132B9B08C70028C936 /* RegisterFeature.swift in Sources */,
				B08D85352B99A12100FDF764 /* AppDelegate.swift in Sources */,
				B05C34632B99AFCD00D075B8 /* LoadingView.swift in Sources */,
				B0F05F0D2B9AFCA20028C936 /* AppColor.swift in Sources */,
				B0787F372BA8334700E5A56B /* ContactFeature.swift in Sources */,
				B08D854E2B99A74500FDF764 /* PlaceholderView.swift in Sources */,
				B05C34682B99B09E00D075B8 /* IntroFeature.swift in Sources */,
				B0787F332BA831B900E5A56B /* ProfileView.swift in Sources */,
				B0F05F112B9B08BA0028C936 /* RegisterView.swift in Sources */,
				B0F05F1F2B9B61E60028C936 /* AlertState + Extensions.swift in Sources */,
				B0F05F1A2B9B2EDD0028C936 /* UnderlineTextField.swift in Sources */,
				B04086922BA972D800EDEB1C /* MainTabType.swift in Sources */,
				B0F05F1D2B9B584B0028C936 /* DefaultButtonStyle.swift in Sources */,
				B0787F242BA8300400E5A56B /* MainTabView.swift in Sources */,
				B0787F3D2BA833D700E5A56B /* ProfileFeature.swift in Sources */,
				B0954ADA2BD793B000CD1E35 /* DateFormatter + Extensions.swift in Sources */,
				B0F05F172B9B09540028C936 /* LoginFeature.swift in Sources */,
				B08B22BF2BAAC315009472A5 /* UserClient.swift in Sources */,
				B05C345E2B99AC6300D075B8 /* AuthenticatedView.swift in Sources */,
				B07D82E22BAAD4AC0039E223 /* AccountFeature.swift in Sources */,
				B0954ADC2BD7962100CD1E35 /* Album.swift in Sources */,
				B0787F3F2BA833E200E5A56B /* SettingFeature.swift in Sources */,
				B0F05F232B9B697C0028C936 /* Hidden.swift in Sources */,
				B05C346B2B99B24C00D075B8 /* AuthenticationClient.swift in Sources */,
				B0F05F152B9B092A0028C936 /* LoginView.swift in Sources */,
				B0787F2D2BA831A600E5A56B /* ContactView.swift in Sources */,
				B0787F262BA8301000E5A56B /* MainTabFeature.swift in Sources */,
				B0787F352BA831BF00E5A56B /* SettingView.swift in Sources */,
				B0DB33E42BB6A0F000160DAE /* AppUser.swift in Sources */,
				B0FF00D62BBD6E36006FB0F2 /* CustomNavigationBar.swift in Sources */,
				B0787F3B2BA833CC00E5A56B /* HomeFeature.swift in Sources */,
				B08D85512B99A7FC00FDF764 /* TCAFeatureAction.swift in Sources */,
				B0F05F212B9B64FE0028C936 /* NSString + Extensions.swift in Sources */,
				B0787F2F2BA831AE00E5A56B /* MessageView.swift in Sources */,
				B07055992BBD250700DF691B /* PlusContentView.swift in Sources */,
				B0954ADE2BD7AF1D00CD1E35 /* AlbumClient.swift in Sources */,
				B070559B2BBD251900DF691B /* PlusContentFeature.swift in Sources */,
				B0BBE7572BB562B20074DAFA /* PhotoClient.swift in Sources */,
				B07D82E02BAAD4A30039E223 /* AccountView.swift in Sources */,
				B0C271452BBE952900EF25E3 /* Date + Extensions.swift in Sources */,
				B08D85482B99A6F300FDF764 /* Phase.swift in Sources */,
				B08D84FA2B999F5700FDF764 /* ArtlierApp.swift in Sources */,
				B05C34662B99B07400D075B8 /* IntroView.swift in Sources */,
				B05C346D2B99B31700D075B8 /* Error.swift in Sources */,
				B0765C882BB2C35500BA6FF5 /* View + Extensions.swift in Sources */,
				B08D85462B99A6DF00FDF764 /* Constant.swift in Sources */,
			);
			runOnlyForDeploymentPostprocessing = 0;
		};
		B08D85022B999F5B00FDF764 /* Sources */ = {
			isa = PBXSourcesBuildPhase;
			buildActionMask = 2147483647;
			files = (
				B08D850B2B999F5B00FDF764 /* ArtlierTests.swift in Sources */,
			);
			runOnlyForDeploymentPostprocessing = 0;
		};
		B08D850C2B999F5B00FDF764 /* Sources */ = {
			isa = PBXSourcesBuildPhase;
			buildActionMask = 2147483647;
			files = (
				B08D85172B999F5B00FDF764 /* ArtlierUITestsLaunchTests.swift in Sources */,
				B08D85152B999F5B00FDF764 /* ArtlierUITests.swift in Sources */,
			);
			runOnlyForDeploymentPostprocessing = 0;
		};
/* End PBXSourcesBuildPhase section */

/* Begin PBXTargetDependency section */
		B08D85082B999F5B00FDF764 /* PBXTargetDependency */ = {
			isa = PBXTargetDependency;
			target = B08D84F52B999F5700FDF764 /* Artlier */;
			targetProxy = B08D85072B999F5B00FDF764 /* PBXContainerItemProxy */;
		};
		B08D85122B999F5B00FDF764 /* PBXTargetDependency */ = {
			isa = PBXTargetDependency;
			target = B08D84F52B999F5700FDF764 /* Artlier */;
			targetProxy = B08D85112B999F5B00FDF764 /* PBXContainerItemProxy */;
		};
/* End PBXTargetDependency section */

/* Begin XCBuildConfiguration section */
		B08D85182B999F5B00FDF764 /* Debug */ = {
			isa = XCBuildConfiguration;
			buildSettings = {
				ALWAYS_SEARCH_USER_PATHS = NO;
				ASSETCATALOG_COMPILER_GENERATE_SWIFT_ASSET_SYMBOL_EXTENSIONS = YES;
				CLANG_ANALYZER_NONNULL = YES;
				CLANG_ANALYZER_NUMBER_OBJECT_CONVERSION = YES_AGGRESSIVE;
				CLANG_CXX_LANGUAGE_STANDARD = "gnu++20";
				CLANG_ENABLE_MODULES = YES;
				CLANG_ENABLE_OBJC_ARC = YES;
				CLANG_ENABLE_OBJC_WEAK = YES;
				CLANG_WARN_BLOCK_CAPTURE_AUTORELEASING = YES;
				CLANG_WARN_BOOL_CONVERSION = YES;
				CLANG_WARN_COMMA = YES;
				CLANG_WARN_CONSTANT_CONVERSION = YES;
				CLANG_WARN_DEPRECATED_OBJC_IMPLEMENTATIONS = YES;
				CLANG_WARN_DIRECT_OBJC_ISA_USAGE = YES_ERROR;
				CLANG_WARN_DOCUMENTATION_COMMENTS = YES;
				CLANG_WARN_EMPTY_BODY = YES;
				CLANG_WARN_ENUM_CONVERSION = YES;
				CLANG_WARN_INFINITE_RECURSION = YES;
				CLANG_WARN_INT_CONVERSION = YES;
				CLANG_WARN_NON_LITERAL_NULL_CONVERSION = YES;
				CLANG_WARN_OBJC_IMPLICIT_RETAIN_SELF = YES;
				CLANG_WARN_OBJC_LITERAL_CONVERSION = YES;
				CLANG_WARN_OBJC_ROOT_CLASS = YES_ERROR;
				CLANG_WARN_QUOTED_INCLUDE_IN_FRAMEWORK_HEADER = YES;
				CLANG_WARN_RANGE_LOOP_ANALYSIS = YES;
				CLANG_WARN_STRICT_PROTOTYPES = YES;
				CLANG_WARN_SUSPICIOUS_MOVE = YES;
				CLANG_WARN_UNGUARDED_AVAILABILITY = YES_AGGRESSIVE;
				CLANG_WARN_UNREACHABLE_CODE = YES;
				CLANG_WARN__DUPLICATE_METHOD_MATCH = YES;
				COPY_PHASE_STRIP = NO;
				DEBUG_INFORMATION_FORMAT = dwarf;
				ENABLE_STRICT_OBJC_MSGSEND = YES;
				ENABLE_TESTABILITY = YES;
				ENABLE_USER_SCRIPT_SANDBOXING = YES;
				GCC_C_LANGUAGE_STANDARD = gnu17;
				GCC_DYNAMIC_NO_PIC = NO;
				GCC_NO_COMMON_BLOCKS = YES;
				GCC_OPTIMIZATION_LEVEL = 0;
				GCC_PREPROCESSOR_DEFINITIONS = (
					"DEBUG=1",
					"$(inherited)",
				);
				GCC_WARN_64_TO_32_BIT_CONVERSION = YES;
				GCC_WARN_ABOUT_RETURN_TYPE = YES_ERROR;
				GCC_WARN_UNDECLARED_SELECTOR = YES;
				GCC_WARN_UNINITIALIZED_AUTOS = YES_AGGRESSIVE;
				GCC_WARN_UNUSED_FUNCTION = YES;
				GCC_WARN_UNUSED_VARIABLE = YES;
				IPHONEOS_DEPLOYMENT_TARGET = 17.2;
				LOCALIZATION_PREFERS_STRING_CATALOGS = YES;
				MTL_ENABLE_DEBUG_INFO = INCLUDE_SOURCE;
				MTL_FAST_MATH = YES;
				ONLY_ACTIVE_ARCH = YES;
				SDKROOT = iphoneos;
				SWIFT_ACTIVE_COMPILATION_CONDITIONS = "DEBUG $(inherited)";
				SWIFT_OPTIMIZATION_LEVEL = "-Onone";
			};
			name = Debug;
		};
		B08D85192B999F5B00FDF764 /* Release */ = {
			isa = XCBuildConfiguration;
			buildSettings = {
				ALWAYS_SEARCH_USER_PATHS = NO;
				ASSETCATALOG_COMPILER_GENERATE_SWIFT_ASSET_SYMBOL_EXTENSIONS = YES;
				CLANG_ANALYZER_NONNULL = YES;
				CLANG_ANALYZER_NUMBER_OBJECT_CONVERSION = YES_AGGRESSIVE;
				CLANG_CXX_LANGUAGE_STANDARD = "gnu++20";
				CLANG_ENABLE_MODULES = YES;
				CLANG_ENABLE_OBJC_ARC = YES;
				CLANG_ENABLE_OBJC_WEAK = YES;
				CLANG_WARN_BLOCK_CAPTURE_AUTORELEASING = YES;
				CLANG_WARN_BOOL_CONVERSION = YES;
				CLANG_WARN_COMMA = YES;
				CLANG_WARN_CONSTANT_CONVERSION = YES;
				CLANG_WARN_DEPRECATED_OBJC_IMPLEMENTATIONS = YES;
				CLANG_WARN_DIRECT_OBJC_ISA_USAGE = YES_ERROR;
				CLANG_WARN_DOCUMENTATION_COMMENTS = YES;
				CLANG_WARN_EMPTY_BODY = YES;
				CLANG_WARN_ENUM_CONVERSION = YES;
				CLANG_WARN_INFINITE_RECURSION = YES;
				CLANG_WARN_INT_CONVERSION = YES;
				CLANG_WARN_NON_LITERAL_NULL_CONVERSION = YES;
				CLANG_WARN_OBJC_IMPLICIT_RETAIN_SELF = YES;
				CLANG_WARN_OBJC_LITERAL_CONVERSION = YES;
				CLANG_WARN_OBJC_ROOT_CLASS = YES_ERROR;
				CLANG_WARN_QUOTED_INCLUDE_IN_FRAMEWORK_HEADER = YES;
				CLANG_WARN_RANGE_LOOP_ANALYSIS = YES;
				CLANG_WARN_STRICT_PROTOTYPES = YES;
				CLANG_WARN_SUSPICIOUS_MOVE = YES;
				CLANG_WARN_UNGUARDED_AVAILABILITY = YES_AGGRESSIVE;
				CLANG_WARN_UNREACHABLE_CODE = YES;
				CLANG_WARN__DUPLICATE_METHOD_MATCH = YES;
				COPY_PHASE_STRIP = NO;
				DEBUG_INFORMATION_FORMAT = "dwarf-with-dsym";
				ENABLE_NS_ASSERTIONS = NO;
				ENABLE_STRICT_OBJC_MSGSEND = YES;
				ENABLE_USER_SCRIPT_SANDBOXING = YES;
				GCC_C_LANGUAGE_STANDARD = gnu17;
				GCC_NO_COMMON_BLOCKS = YES;
				GCC_WARN_64_TO_32_BIT_CONVERSION = YES;
				GCC_WARN_ABOUT_RETURN_TYPE = YES_ERROR;
				GCC_WARN_UNDECLARED_SELECTOR = YES;
				GCC_WARN_UNINITIALIZED_AUTOS = YES_AGGRESSIVE;
				GCC_WARN_UNUSED_FUNCTION = YES;
				GCC_WARN_UNUSED_VARIABLE = YES;
				IPHONEOS_DEPLOYMENT_TARGET = 17.2;
				LOCALIZATION_PREFERS_STRING_CATALOGS = YES;
				MTL_ENABLE_DEBUG_INFO = NO;
				MTL_FAST_MATH = YES;
				SDKROOT = iphoneos;
				SWIFT_COMPILATION_MODE = wholemodule;
				VALIDATE_PRODUCT = YES;
			};
			name = Release;
		};
		B08D851B2B999F5B00FDF764 /* Debug */ = {
			isa = XCBuildConfiguration;
			buildSettings = {
				ASSETCATALOG_COMPILER_APPICON_NAME = AppIcon;
				ASSETCATALOG_COMPILER_GLOBAL_ACCENT_COLOR_NAME = AccentColor;
				CODE_SIGN_STYLE = Automatic;
				CURRENT_PROJECT_VERSION = 1;
				DEVELOPMENT_ASSET_PATHS = "\"Artlier/Preview Content\"";
				DEVELOPMENT_TEAM = J2J2A4T2U9;
				ENABLE_PREVIEWS = YES;
				GENERATE_INFOPLIST_FILE = YES;
				INFOPLIST_KEY_UIApplicationSceneManifest_Generation = YES;
				INFOPLIST_KEY_UIApplicationSupportsIndirectInputEvents = YES;
				INFOPLIST_KEY_UILaunchScreen_Generation = YES;
				INFOPLIST_KEY_UILaunchStoryboardName = "Launch Screen";
				INFOPLIST_KEY_UISupportedInterfaceOrientations = UIInterfaceOrientationPortrait;
				INFOPLIST_KEY_UISupportedInterfaceOrientations_iPad = "UIInterfaceOrientationLandscapeLeft UIInterfaceOrientationLandscapeRight UIInterfaceOrientationPortrait UIInterfaceOrientationPortraitUpsideDown";
				IPHONEOS_DEPLOYMENT_TARGET = 17.0;
				LD_RUNPATH_SEARCH_PATHS = (
					"$(inherited)",
					"@executable_path/Frameworks",
				);
				MARKETING_VERSION = 1.0;
				PRODUCT_BUNDLE_IDENTIFIER = kr.co.SILPH.Artlier;
				PRODUCT_NAME = "$(TARGET_NAME)";
				SUPPORTED_PLATFORMS = "iphoneos iphonesimulator";
				SUPPORTS_MACCATALYST = NO;
				SUPPORTS_MAC_DESIGNED_FOR_IPHONE_IPAD = NO;
				SUPPORTS_XR_DESIGNED_FOR_IPHONE_IPAD = NO;
				SWIFT_EMIT_LOC_STRINGS = YES;
				SWIFT_VERSION = 5.0;
				TARGETED_DEVICE_FAMILY = 1;
			};
			name = Debug;
		};
		B08D851C2B999F5B00FDF764 /* Release */ = {
			isa = XCBuildConfiguration;
			buildSettings = {
				ASSETCATALOG_COMPILER_APPICON_NAME = AppIcon;
				ASSETCATALOG_COMPILER_GLOBAL_ACCENT_COLOR_NAME = AccentColor;
				CODE_SIGN_STYLE = Automatic;
				CURRENT_PROJECT_VERSION = 1;
				DEVELOPMENT_ASSET_PATHS = "\"Artlier/Preview Content\"";
				DEVELOPMENT_TEAM = J2J2A4T2U9;
				ENABLE_PREVIEWS = YES;
				GENERATE_INFOPLIST_FILE = YES;
				INFOPLIST_KEY_UIApplicationSceneManifest_Generation = YES;
				INFOPLIST_KEY_UIApplicationSupportsIndirectInputEvents = YES;
				INFOPLIST_KEY_UILaunchScreen_Generation = YES;
				INFOPLIST_KEY_UILaunchStoryboardName = "Launch Screen";
				INFOPLIST_KEY_UISupportedInterfaceOrientations = UIInterfaceOrientationPortrait;
				INFOPLIST_KEY_UISupportedInterfaceOrientations_iPad = "UIInterfaceOrientationLandscapeLeft UIInterfaceOrientationLandscapeRight UIInterfaceOrientationPortrait UIInterfaceOrientationPortraitUpsideDown";
				IPHONEOS_DEPLOYMENT_TARGET = 17.0;
				LD_RUNPATH_SEARCH_PATHS = (
					"$(inherited)",
					"@executable_path/Frameworks",
				);
				MARKETING_VERSION = 1.0;
				PRODUCT_BUNDLE_IDENTIFIER = kr.co.SILPH.Artlier;
				PRODUCT_NAME = "$(TARGET_NAME)";
				SUPPORTED_PLATFORMS = "iphoneos iphonesimulator";
				SUPPORTS_MACCATALYST = NO;
				SUPPORTS_MAC_DESIGNED_FOR_IPHONE_IPAD = NO;
				SUPPORTS_XR_DESIGNED_FOR_IPHONE_IPAD = NO;
				SWIFT_EMIT_LOC_STRINGS = YES;
				SWIFT_VERSION = 5.0;
				TARGETED_DEVICE_FAMILY = 1;
			};
			name = Release;
		};
		B08D851E2B999F5B00FDF764 /* Debug */ = {
			isa = XCBuildConfiguration;
			buildSettings = {
				ALWAYS_EMBED_SWIFT_STANDARD_LIBRARIES = YES;
				BUNDLE_LOADER = "$(TEST_HOST)";
				CODE_SIGN_STYLE = Automatic;
				CURRENT_PROJECT_VERSION = 1;
				DEVELOPMENT_TEAM = J2J2A4T2U9;
				GENERATE_INFOPLIST_FILE = YES;
				IPHONEOS_DEPLOYMENT_TARGET = 17.2;
				MARKETING_VERSION = 1.0;
				PRODUCT_BUNDLE_IDENTIFIER = kr.co.SILPH.ArtlierTests;
				PRODUCT_NAME = "$(TARGET_NAME)";
				SWIFT_EMIT_LOC_STRINGS = NO;
				SWIFT_VERSION = 5.0;
				TARGETED_DEVICE_FAMILY = "1,2";
				TEST_HOST = "$(BUILT_PRODUCTS_DIR)/Artlier.app/$(BUNDLE_EXECUTABLE_FOLDER_PATH)/Artlier";
			};
			name = Debug;
		};
		B08D851F2B999F5B00FDF764 /* Release */ = {
			isa = XCBuildConfiguration;
			buildSettings = {
				ALWAYS_EMBED_SWIFT_STANDARD_LIBRARIES = YES;
				BUNDLE_LOADER = "$(TEST_HOST)";
				CODE_SIGN_STYLE = Automatic;
				CURRENT_PROJECT_VERSION = 1;
				DEVELOPMENT_TEAM = J2J2A4T2U9;
				GENERATE_INFOPLIST_FILE = YES;
				IPHONEOS_DEPLOYMENT_TARGET = 17.2;
				MARKETING_VERSION = 1.0;
				PRODUCT_BUNDLE_IDENTIFIER = kr.co.SILPH.ArtlierTests;
				PRODUCT_NAME = "$(TARGET_NAME)";
				SWIFT_EMIT_LOC_STRINGS = NO;
				SWIFT_VERSION = 5.0;
				TARGETED_DEVICE_FAMILY = "1,2";
				TEST_HOST = "$(BUILT_PRODUCTS_DIR)/Artlier.app/$(BUNDLE_EXECUTABLE_FOLDER_PATH)/Artlier";
			};
			name = Release;
		};
		B08D85212B999F5B00FDF764 /* Debug */ = {
			isa = XCBuildConfiguration;
			buildSettings = {
				ALWAYS_EMBED_SWIFT_STANDARD_LIBRARIES = YES;
				CODE_SIGN_STYLE = Automatic;
				CURRENT_PROJECT_VERSION = 1;
				DEVELOPMENT_TEAM = J2J2A4T2U9;
				GENERATE_INFOPLIST_FILE = YES;
				MARKETING_VERSION = 1.0;
				PRODUCT_BUNDLE_IDENTIFIER = kr.co.SILPH.ArtlierUITests;
				PRODUCT_NAME = "$(TARGET_NAME)";
				SWIFT_EMIT_LOC_STRINGS = NO;
				SWIFT_VERSION = 5.0;
				TARGETED_DEVICE_FAMILY = "1,2";
				TEST_TARGET_NAME = Artlier;
			};
			name = Debug;
		};
		B08D85222B999F5B00FDF764 /* Release */ = {
			isa = XCBuildConfiguration;
			buildSettings = {
				ALWAYS_EMBED_SWIFT_STANDARD_LIBRARIES = YES;
				CODE_SIGN_STYLE = Automatic;
				CURRENT_PROJECT_VERSION = 1;
				DEVELOPMENT_TEAM = J2J2A4T2U9;
				GENERATE_INFOPLIST_FILE = YES;
				MARKETING_VERSION = 1.0;
				PRODUCT_BUNDLE_IDENTIFIER = kr.co.SILPH.ArtlierUITests;
				PRODUCT_NAME = "$(TARGET_NAME)";
				SWIFT_EMIT_LOC_STRINGS = NO;
				SWIFT_VERSION = 5.0;
				TARGETED_DEVICE_FAMILY = "1,2";
				TEST_TARGET_NAME = Artlier;
			};
			name = Release;
		};
/* End XCBuildConfiguration section */

/* Begin XCConfigurationList section */
		B08D84F12B999F5700FDF764 /* Build configuration list for PBXProject "Artlier" */ = {
			isa = XCConfigurationList;
			buildConfigurations = (
				B08D85182B999F5B00FDF764 /* Debug */,
				B08D85192B999F5B00FDF764 /* Release */,
			);
			defaultConfigurationIsVisible = 0;
			defaultConfigurationName = Release;
		};
		B08D851A2B999F5B00FDF764 /* Build configuration list for PBXNativeTarget "Artlier" */ = {
			isa = XCConfigurationList;
			buildConfigurations = (
				B08D851B2B999F5B00FDF764 /* Debug */,
				B08D851C2B999F5B00FDF764 /* Release */,
			);
			defaultConfigurationIsVisible = 0;
			defaultConfigurationName = Release;
		};
		B08D851D2B999F5B00FDF764 /* Build configuration list for PBXNativeTarget "ArtlierTests" */ = {
			isa = XCConfigurationList;
			buildConfigurations = (
				B08D851E2B999F5B00FDF764 /* Debug */,
				B08D851F2B999F5B00FDF764 /* Release */,
			);
			defaultConfigurationIsVisible = 0;
			defaultConfigurationName = Release;
		};
		B08D85202B999F5B00FDF764 /* Build configuration list for PBXNativeTarget "ArtlierUITests" */ = {
			isa = XCConfigurationList;
			buildConfigurations = (
				B08D85212B999F5B00FDF764 /* Debug */,
				B08D85222B999F5B00FDF764 /* Release */,
			);
			defaultConfigurationIsVisible = 0;
			defaultConfigurationName = Release;
		};
/* End XCConfigurationList section */

/* Begin XCRemoteSwiftPackageReference section */
		B08D85262B99A04000FDF764 /* XCRemoteSwiftPackageReference "GoogleSignIn-iOS" */ = {
			isa = XCRemoteSwiftPackageReference;
			repositoryURL = "https://github.com/google/GoogleSignIn-iOS";
			requirement = {
				kind = upToNextMajorVersion;
				minimumVersion = 7.0.0;
			};
		};
		B08D85292B99A07800FDF764 /* XCRemoteSwiftPackageReference "kakao-ios-sdk" */ = {
			isa = XCRemoteSwiftPackageReference;
			repositoryURL = "https://github.com/kakao/kakao-ios-sdk";
			requirement = {
				kind = upToNextMajorVersion;
				minimumVersion = 2.21.0;
			};
		};
		B08D852C2B99A0B300FDF764 /* XCRemoteSwiftPackageReference "swift-composable-architecture" */ = {
			isa = XCRemoteSwiftPackageReference;
			repositoryURL = "https://github.com/pointfreeco/swift-composable-architecture";
			requirement = {
				kind = upToNextMajorVersion;
				minimumVersion = 1.9.2;
			};
		};
		B08D852F2B99A0D000FDF764 /* XCRemoteSwiftPackageReference "Kingfisher" */ = {
			isa = XCRemoteSwiftPackageReference;
			repositoryURL = "https://github.com/onevcat/Kingfisher.git";
			requirement = {
				kind = upToNextMajorVersion;
				minimumVersion = 7.11.0;
			};
		};
		B08D853D2B99A3EE00FDF764 /* XCRemoteSwiftPackageReference "firebase-ios-sdk" */ = {
			isa = XCRemoteSwiftPackageReference;
			repositoryURL = "https://github.com/firebase/firebase-ios-sdk";
			requirement = {
				kind = upToNextMajorVersion;
				minimumVersion = 10.22.0;
			};
		};
/* End XCRemoteSwiftPackageReference section */

/* Begin XCSwiftPackageProductDependency section */
		B08D85272B99A04000FDF764 /* GoogleSignIn */ = {
			isa = XCSwiftPackageProductDependency;
			package = B08D85262B99A04000FDF764 /* XCRemoteSwiftPackageReference "GoogleSignIn-iOS" */;
			productName = GoogleSignIn;
		};
		B08D852A2B99A07800FDF764 /* KakaoSDK */ = {
			isa = XCSwiftPackageProductDependency;
			package = B08D85292B99A07800FDF764 /* XCRemoteSwiftPackageReference "kakao-ios-sdk" */;
			productName = KakaoSDK;
		};
		B08D852D2B99A0B300FDF764 /* ComposableArchitecture */ = {
			isa = XCSwiftPackageProductDependency;
			package = B08D852C2B99A0B300FDF764 /* XCRemoteSwiftPackageReference "swift-composable-architecture" */;
			productName = ComposableArchitecture;
		};
		B08D85302B99A0D000FDF764 /* Kingfisher */ = {
			isa = XCSwiftPackageProductDependency;
			package = B08D852F2B99A0D000FDF764 /* XCRemoteSwiftPackageReference "Kingfisher" */;
			productName = Kingfisher;
		};
		B08D853E2B99A3EE00FDF764 /* FirebaseAuth */ = {
			isa = XCSwiftPackageProductDependency;
			package = B08D853D2B99A3EE00FDF764 /* XCRemoteSwiftPackageReference "firebase-ios-sdk" */;
			productName = FirebaseAuth;
		};
		B08D85402B99A3EE00FDF764 /* FirebaseDatabase */ = {
			isa = XCSwiftPackageProductDependency;
			package = B08D853D2B99A3EE00FDF764 /* XCRemoteSwiftPackageReference "firebase-ios-sdk" */;
			productName = FirebaseDatabase;
		};
		B08D85422B99A3EE00FDF764 /* FirebaseStorage */ = {
			isa = XCSwiftPackageProductDependency;
			package = B08D853D2B99A3EE00FDF764 /* XCRemoteSwiftPackageReference "firebase-ios-sdk" */;
			productName = FirebaseStorage;
		};
/* End XCSwiftPackageProductDependency section */
	};
	rootObject = B08D84EE2B999F5700FDF764 /* Project object */;
}
